
Microsoft Visual Studio Solution File, Format Version 12.00
# Visual Studio Version 16
VisualStudioVersion = 16.0.30114.105
MinimumVisualStudioVersion = 10.0.40219.1
Project("{9A19103F-16F7-4668-BE54-9A1E7A4F7556}") = "R5T.Z0002", "R5T.Z0002\R5T.Z0002.csproj", "{9265F66A-DC9F-42FF-B77B-F03031CCA446}"
EndProject
Project("{2150E333-8FDC-42A3-9474-1A3956D46DE8}") = "_Dependencies", "_Dependencies", "{2A0A4D91-6640-4D82-9A4B-16AE44BE2575}"
EndProject
Project("{9A19103F-16F7-4668-BE54-9A1E7A4F7556}") = "R5T.L0011", "..\..\R5T.L0011\source\R5T.L0011\R5T.L0011.csproj", "{0BA5D98D-BE05-4C03-B68C-A0E064850E0F}"
EndProject
Project("{9A19103F-16F7-4668-BE54-9A1E7A4F7556}") = "R5T.T0131", "..\..\R5T.T0131\source\R5T.T0131\R5T.T0131.csproj", "{8D51E990-E273-46F4-BBD3-AA6393702226}"
EndProject
Global
	GlobalSection(SolutionConfigurationPlatforms) = preSolution
		Debug|Any CPU = Debug|Any CPU
		Debug|x64 = Debug|x64
		Debug|x86 = Debug|x86
		Release|Any CPU = Release|Any CPU
		Release|x64 = Release|x64
		Release|x86 = Release|x86
	EndGlobalSection
	GlobalSection(ProjectConfigurationPlatforms) = postSolution
		{9265F66A-DC9F-42FF-B77B-F03031CCA446}.Debug|Any CPU.ActiveCfg = Debug|Any CPU
		{9265F66A-DC9F-42FF-B77B-F03031CCA446}.Debug|Any CPU.Build.0 = Debug|Any CPU
		{9265F66A-DC9F-42FF-B77B-F03031CCA446}.Debug|x64.ActiveCfg = Debug|Any CPU
		{9265F66A-DC9F-42FF-B77B-F03031CCA446}.Debug|x64.Build.0 = Debug|Any CPU
		{9265F66A-DC9F-42FF-B77B-F03031CCA446}.Debug|x86.ActiveCfg = Debug|Any CPU
		{9265F66A-DC9F-42FF-B77B-F03031CCA446}.Debug|x86.Build.0 = Debug|Any CPU
		{9265F66A-DC9F-42FF-B77B-F03031CCA446}.Release|Any CPU.ActiveCfg = Release|Any CPU
		{9265F66A-DC9F-42FF-B77B-F03031CCA446}.Release|Any CPU.Build.0 = Release|Any CPU
		{9265F66A-DC9F-42FF-B77B-F03031CCA446}.Release|x64.ActiveCfg = Release|Any CPU
		{9265F66A-DC9F-42FF-B77B-F03031CCA446}.Release|x64.Build.0 = Release|Any CPU
		{9265F66A-DC9F-42FF-B77B-F03031CCA446}.Release|x86.ActiveCfg = Release|Any CPU
		{9265F66A-DC9F-42FF-B77B-F03031CCA446}.Release|x86.Build.0 = Release|Any CPU
		{0BA5D98D-BE05-4C03-B68C-A0E064850E0F}.Debug|Any CPU.ActiveCfg = Debug|Any CPU
		{0BA5D98D-BE05-4C03-B68C-A0E064850E0F}.Debug|Any CPU.Build.0 = Debug|Any CPU
		{0BA5D98D-BE05-4C03-B68C-A0E064850E0F}.Debug|x64.ActiveCfg = Debug|Any CPU
		{0BA5D98D-BE05-4C03-B68C-A0E064850E0F}.Debug|x64.Build.0 = Debug|Any CPU
		{0BA5D98D-BE05-4C03-B68C-A0E064850E0F}.Debug|x86.ActiveCfg = Debug|Any CPU
		{0BA5D98D-BE05-4C03-B68C-A0E064850E0F}.Debug|x86.Build.0 = Debug|Any CPU
		{0BA5D98D-BE05-4C03-B68C-A0E064850E0F}.Release|Any CPU.ActiveCfg = Release|Any CPU
		{0BA5D98D-BE05-4C03-B68C-A0E064850E0F}.Release|Any CPU.Build.0 = Release|Any CPU
		{0BA5D98D-BE05-4C03-B68C-A0E064850E0F}.Release|x64.ActiveCfg = Release|Any CPU
		{0BA5D98D-BE05-4C03-B68C-A0E064850E0F}.Release|x64.Build.0 = Release|Any CPU
		{0BA5D98D-BE05-4C03-B68C-A0E064850E0F}.Release|x86.ActiveCfg = Release|Any CPU
		{0BA5D98D-BE05-4C03-B68C-A0E064850E0F}.Release|x86.Build.0 = Release|Any CPU
		{8D51E990-E273-46F4-BBD3-AA6393702226}.Debug|Any CPU.ActiveCfg = Debug|Any CPU
		{8D51E990-E273-46F4-BBD3-AA6393702226}.Debug|Any CPU.Build.0 = Debug|Any CPU
		{8D51E990-E273-46F4-BBD3-AA6393702226}.Debug|x64.ActiveCfg = Debug|Any CPU
		{8D51E990-E273-46F4-BBD3-AA6393702226}.Debug|x64.Build.0 = Debug|Any CPU
		{8D51E990-E273-46F4-BBD3-AA6393702226}.Debug|x86.ActiveCfg = Debug|Any CPU
		{8D51E990-E273-46F4-BBD3-AA6393702226}.Debug|x86.Build.0 = Debug|Any CPU
		{8D51E990-E273-46F4-BBD3-AA6393702226}.Release|Any CPU.ActiveCfg = Release|Any CPU
		{8D51E990-E273-46F4-BBD3-AA6393702226}.Release|Any CPU.Build.0 = Release|Any CPU
		{8D51E990-E273-46F4-BBD3-AA6393702226}.Release|x64.ActiveCfg = Release|Any CPU
		{8D51E990-E273-46F4-BBD3-AA6393702226}.Release|x64.Build.0 = Release|Any CPU
		{8D51E990-E273-46F4-BBD3-AA6393702226}.Release|x86.ActiveCfg = Release|Any CPU
		{8D51E990-E273-46F4-BBD3-AA6393702226}.Release|x86.Build.0 = Release|Any CPU
	EndGlobalSection
	GlobalSection(SolutionProperties) = preSolution
		HideSolutionNode = FALSE
	EndGlobalSection
	GlobalSection(NestedProjects) = preSolution
		{0BA5D98D-BE05-4C03-B68C-A0E064850E0F} = {2A0A4D91-6640-4D82-9A4B-16AE44BE2575}
		{8D51E990-E273-46F4-BBD3-AA6393702226} = {2A0A4D91-6640-4D82-9A4B-16AE44BE2575}
	EndGlobalSection
	GlobalSection(ExtensibilityGlobals) = postSolution
		SolutionGuid = {CFE06B08-06E5-4A61-8F13-0CC17D2517EF}
	EndGlobalSection
EndGlobal
